// !$*UTF8*$!
{
	archiveVersion = 1;
	classes = {
	};
	objectVersion = 50;
	objects = {

/* Begin PBXBuildFile section */
		22B063F323324DCE0082D1BB /* AppDelegate.swift in Sources */ = {isa = PBXBuildFile; fileRef = 22B063F223324DCE0082D1BB /* AppDelegate.swift */; };
		22B063F523324DCE0082D1BB /* SettingsViewController.swift in Sources */ = {isa = PBXBuildFile; fileRef = 22B063F423324DCE0082D1BB /* SettingsViewController.swift */; };
		22B063F823324DCE0082D1BB /* Main.storyboard in Resources */ = {isa = PBXBuildFile; fileRef = 22B063F623324DCE0082D1BB /* Main.storyboard */; };
		22B063FA23324DCF0082D1BB /* Assets.xcassets in Resources */ = {isa = PBXBuildFile; fileRef = 22B063F923324DCF0082D1BB /* Assets.xcassets */; };
		22B063FD23324DCF0082D1BB /* LaunchScreen.storyboard in Resources */ = {isa = PBXBuildFile; fileRef = 22B063FB23324DCF0082D1BB /* LaunchScreen.storyboard */; };
		22B06407233252350082D1BB /* ViewLabelSwitchCell.swift in Sources */ = {isa = PBXBuildFile; fileRef = 22B06405233252350082D1BB /* ViewLabelSwitchCell.swift */; };
		22B06408233252350082D1BB /* ViewLabelSwitchCell.xib in Resources */ = {isa = PBXBuildFile; fileRef = 22B06406233252350082D1BB /* ViewLabelSwitchCell.xib */; };
		22B0640B233254640082D1BB /* ViewLabelSelectionLabel.swift in Sources */ = {isa = PBXBuildFile; fileRef = 22B06409233254640082D1BB /* ViewLabelSelectionLabel.swift */; };
		22B0640C233254640082D1BB /* ViewLabelSelectionLabel.xib in Resources */ = {isa = PBXBuildFile; fileRef = 22B0640A233254640082D1BB /* ViewLabelSelectionLabel.xib */; };
		22B0641223334B6F0082D1BB /* CellularSettingViewController.swift in Sources */ = {isa = PBXBuildFile; fileRef = 22B0641123334B6F0082D1BB /* CellularSettingViewController.swift */; };
		22B06415233363C40082D1BB /* DNDViewController.swift in Sources */ = {isa = PBXBuildFile; fileRef = 22B06414233363C40082D1BB /* DNDViewController.swift */; };
		22B06418233374740082D1BB /* SliderCell.swift in Sources */ = {isa = PBXBuildFile; fileRef = 22B06416233374740082D1BB /* SliderCell.swift */; };
		22B06419233374740082D1BB /* SliderCell.xib in Resources */ = {isa = PBXBuildFile; fileRef = 22B06417233374740082D1BB /* SliderCell.xib */; };
		22B0641B23337A450082D1BB /* DisplayBrightnessViewController.swift in Sources */ = {isa = PBXBuildFile; fileRef = 22B0641A23337A450082D1BB /* DisplayBrightnessViewController.swift */; };
		22B0641D233393500082D1BB /* DropDownOptionsViewController.swift in Sources */ = {isa = PBXBuildFile; fileRef = 22B0641C233393500082D1BB /* DropDownOptionsViewController.swift */; };
		22B064202333AF5B0082D1BB /* Settings.swift in Sources */ = {isa = PBXBuildFile; fileRef = 22B0641F2333AF5B0082D1BB /* Settings.swift */; };
		22B06423233497F00082D1BB /* CoreDataManager.swift in Sources */ = {isa = PBXBuildFile; fileRef = 22B06422233497F00082D1BB /* CoreDataManager.swift */; };
		22B064262334988A0082D1BB /* SettingsModel.xcdatamodeld in Sources */ = {isa = PBXBuildFile; fileRef = 22B064242334988A0082D1BB /* SettingsModel.xcdatamodeld */; };
		22B064282334D1550082D1BB /* SimpleTextViewController.swift in Sources */ = {isa = PBXBuildFile; fileRef = 22B064272334D1550082D1BB /* SimpleTextViewController.swift */; };
		22B0642A2334FB0B0082D1BB /* SplitViewController.swift in Sources */ = {isa = PBXBuildFile; fileRef = 22B064292334FB0B0082D1BB /* SplitViewController.swift */; };
/* End PBXBuildFile section */

/* Begin PBXFileReference section */
		22B063EF23324DCE0082D1BB /* SettingsDemo.app */ = {isa = PBXFileReference; explicitFileType = wrapper.application; includeInIndex = 0; path = SettingsDemo.app; sourceTree = BUILT_PRODUCTS_DIR; };
		22B063F223324DCE0082D1BB /* AppDelegate.swift */ = {isa = PBXFileReference; lastKnownFileType = sourcecode.swift; path = AppDelegate.swift; sourceTree = "<group>"; };
		22B063F423324DCE0082D1BB /* SettingsViewController.swift */ = {isa = PBXFileReference; lastKnownFileType = sourcecode.swift; path = SettingsViewController.swift; sourceTree = "<group>"; };
		22B063F723324DCE0082D1BB /* Base */ = {isa = PBXFileReference; lastKnownFileType = file.storyboard; name = Base; path = Base.lproj/Main.storyboard; sourceTree = "<group>"; };
		22B063F923324DCF0082D1BB /* Assets.xcassets */ = {isa = PBXFileReference; lastKnownFileType = folder.assetcatalog; path = Assets.xcassets; sourceTree = "<group>"; };
		22B063FC23324DCF0082D1BB /* Base */ = {isa = PBXFileReference; lastKnownFileType = file.storyboard; name = Base; path = Base.lproj/LaunchScreen.storyboard; sourceTree = "<group>"; };
		22B063FE23324DCF0082D1BB /* Info.plist */ = {isa = PBXFileReference; lastKnownFileType = text.plist.xml; path = Info.plist; sourceTree = "<group>"; };
		22B06405233252350082D1BB /* ViewLabelSwitchCell.swift */ = {isa = PBXFileReference; lastKnownFileType = sourcecode.swift; path = ViewLabelSwitchCell.swift; sourceTree = "<group>"; };
		22B06406233252350082D1BB /* ViewLabelSwitchCell.xib */ = {isa = PBXFileReference; lastKnownFileType = file.xib; path = ViewLabelSwitchCell.xib; sourceTree = "<group>"; };
		22B06409233254640082D1BB /* ViewLabelSelectionLabel.swift */ = {isa = PBXFileReference; lastKnownFileType = sourcecode.swift; path = ViewLabelSelectionLabel.swift; sourceTree = "<group>"; };
		22B0640A233254640082D1BB /* ViewLabelSelectionLabel.xib */ = {isa = PBXFileReference; lastKnownFileType = file.xib; path = ViewLabelSelectionLabel.xib; sourceTree = "<group>"; };
		22B0641123334B6F0082D1BB /* CellularSettingViewController.swift */ = {isa = PBXFileReference; lastKnownFileType = sourcecode.swift; path = CellularSettingViewController.swift; sourceTree = "<group>"; };
		22B06414233363C40082D1BB /* DNDViewController.swift */ = {isa = PBXFileReference; lastKnownFileType = sourcecode.swift; path = DNDViewController.swift; sourceTree = "<group>"; };
		22B06416233374740082D1BB /* SliderCell.swift */ = {isa = PBXFileReference; lastKnownFileType = sourcecode.swift; path = SliderCell.swift; sourceTree = "<group>"; };
		22B06417233374740082D1BB /* SliderCell.xib */ = {isa = PBXFileReference; lastKnownFileType = file.xib; path = SliderCell.xib; sourceTree = "<group>"; };
		22B0641A23337A450082D1BB /* DisplayBrightnessViewController.swift */ = {isa = PBXFileReference; lastKnownFileType = sourcecode.swift; path = DisplayBrightnessViewController.swift; sourceTree = "<group>"; };
		22B0641C233393500082D1BB /* DropDownOptionsViewController.swift */ = {isa = PBXFileReference; lastKnownFileType = sourcecode.swift; path = DropDownOptionsViewController.swift; sourceTree = "<group>"; };
		22B0641F2333AF5B0082D1BB /* Settings.swift */ = {isa = PBXFileReference; lastKnownFileType = sourcecode.swift; path = Settings.swift; sourceTree = "<group>"; };
		22B06422233497F00082D1BB /* CoreDataManager.swift */ = {isa = PBXFileReference; lastKnownFileType = sourcecode.swift; path = CoreDataManager.swift; sourceTree = "<group>"; };
		22B064252334988A0082D1BB /* SettingsModel.xcdatamodel */ = {isa = PBXFileReference; lastKnownFileType = wrapper.xcdatamodel; path = SettingsModel.xcdatamodel; sourceTree = "<group>"; };
		22B064272334D1550082D1BB /* SimpleTextViewController.swift */ = {isa = PBXFileReference; lastKnownFileType = sourcecode.swift; path = SimpleTextViewController.swift; sourceTree = "<group>"; };
		22B064292334FB0B0082D1BB /* SplitViewController.swift */ = {isa = PBXFileReference; lastKnownFileType = sourcecode.swift; path = SplitViewController.swift; sourceTree = "<group>"; };
/* End PBXFileReference section */

/* Begin PBXFrameworksBuildPhase section */
		22B063EC23324DCE0082D1BB /* Frameworks */ = {
			isa = PBXFrameworksBuildPhase;
			buildActionMask = 2147483647;
			files = (
			);
			runOnlyForDeploymentPostprocessing = 0;
		};
/* End PBXFrameworksBuildPhase section */

/* Begin PBXGroup section */
		22B063E623324DCE0082D1BB = {
			isa = PBXGroup;
			children = (
				22B063F123324DCE0082D1BB /* SettingsDemo */,
				22B063F023324DCE0082D1BB /* Products */,
			);
			sourceTree = "<group>";
		};
		22B063F023324DCE0082D1BB /* Products */ = {
			isa = PBXGroup;
			children = (
				22B063EF23324DCE0082D1BB /* SettingsDemo.app */,
			);
			name = Products;
			sourceTree = "<group>";
		};
		22B063F123324DCE0082D1BB /* SettingsDemo */ = {
			isa = PBXGroup;
			children = (
				22B06421233496140082D1BB /* CoreDataService */,
				22B0641E2333AF4A0082D1BB /* Model */,
				22B06413233363A40082D1BB /* Controller */,
				22B0640423324F460082D1BB /* View */,
				22B063F223324DCE0082D1BB /* AppDelegate.swift */,
				22B063F623324DCE0082D1BB /* Main.storyboard */,
				22B063F923324DCF0082D1BB /* Assets.xcassets */,
				22B063FB23324DCF0082D1BB /* LaunchScreen.storyboard */,
				22B063FE23324DCF0082D1BB /* Info.plist */,
				22B064242334988A0082D1BB /* SettingsModel.xcdatamodeld */,
			);
			path = SettingsDemo;
			sourceTree = "<group>";
		};
		22B0640423324F460082D1BB /* View */ = {
			isa = PBXGroup;
			children = (
				22B06405233252350082D1BB /* ViewLabelSwitchCell.swift */,
				22B06406233252350082D1BB /* ViewLabelSwitchCell.xib */,
				22B06409233254640082D1BB /* ViewLabelSelectionLabel.swift */,
				22B0640A233254640082D1BB /* ViewLabelSelectionLabel.xib */,
				22B06416233374740082D1BB /* SliderCell.swift */,
				22B06417233374740082D1BB /* SliderCell.xib */,
			);
			path = View;
			sourceTree = "<group>";
		};
		22B06413233363A40082D1BB /* Controller */ = {
			isa = PBXGroup;
			children = (
				22B06414233363C40082D1BB /* DNDViewController.swift */,
				22B0641123334B6F0082D1BB /* CellularSettingViewController.swift */,
				22B063F423324DCE0082D1BB /* SettingsViewController.swift */,
				22B0641A23337A450082D1BB /* DisplayBrightnessViewController.swift */,
				22B0641C233393500082D1BB /* DropDownOptionsViewController.swift */,
				22B064272334D1550082D1BB /* SimpleTextViewController.swift */,
				22B064292334FB0B0082D1BB /* SplitViewController.swift */,
			);
			path = Controller;
			sourceTree = "<group>";
		};
		22B0641E2333AF4A0082D1BB /* Model */ = {
			isa = PBXGroup;
			children = (
				22B0641F2333AF5B0082D1BB /* Settings.swift */,
			);
			path = Model;
			sourceTree = "<group>";
		};
		22B06421233496140082D1BB /* CoreDataService */ = {
			isa = PBXGroup;
			children = (
				22B06422233497F00082D1BB /* CoreDataManager.swift */,
			);
			path = CoreDataService;
			sourceTree = "<group>";
		};
/* End PBXGroup section */

/* Begin PBXNativeTarget section */
		22B063EE23324DCE0082D1BB /* SettingsDemo */ = {
			isa = PBXNativeTarget;
			buildConfigurationList = 22B0640123324DCF0082D1BB /* Build configuration list for PBXNativeTarget "SettingsDemo" */;
			buildPhases = (
				22B063EB23324DCE0082D1BB /* Sources */,
				22B063EC23324DCE0082D1BB /* Frameworks */,
				22B063ED23324DCE0082D1BB /* Resources */,
			);
			buildRules = (
			);
			dependencies = (
			);
			name = SettingsDemo;
			productName = SettingsDemo;
			productReference = 22B063EF23324DCE0082D1BB /* SettingsDemo.app */;
			productType = "com.apple.product-type.application";
		};
/* End PBXNativeTarget section */

/* Begin PBXProject section */
		22B063E723324DCE0082D1BB /* Project object */ = {
			isa = PBXProject;
			attributes = {
				LastSwiftUpdateCheck = 1030;
				LastUpgradeCheck = 1030;
				ORGANIZATIONNAME = vinmac;
				TargetAttributes = {
					22B063EE23324DCE0082D1BB = {
						CreatedOnToolsVersion = 10.3;
					};
				};
			};
			buildConfigurationList = 22B063EA23324DCE0082D1BB /* Build configuration list for PBXProject "SettingsDemo" */;
			compatibilityVersion = "Xcode 9.3";
			developmentRegion = en;
			hasScannedForEncodings = 0;
			knownRegions = (
				en,
				Base,
			);
			mainGroup = 22B063E623324DCE0082D1BB;
			productRefGroup = 22B063F023324DCE0082D1BB /* Products */;
			projectDirPath = "";
			projectRoot = "";
			targets = (
				22B063EE23324DCE0082D1BB /* SettingsDemo */,
			);
		};
/* End PBXProject section */

/* Begin PBXResourcesBuildPhase section */
		22B063ED23324DCE0082D1BB /* Resources */ = {
			isa = PBXResourcesBuildPhase;
			buildActionMask = 2147483647;
			files = (
				22B06419233374740082D1BB /* SliderCell.xib in Resources */,
				22B0640C233254640082D1BB /* ViewLabelSelectionLabel.xib in Resources */,
				22B063FD23324DCF0082D1BB /* LaunchScreen.storyboard in Resources */,
				22B06408233252350082D1BB /* ViewLabelSwitchCell.xib in Resources */,
				22B063FA23324DCF0082D1BB /* Assets.xcassets in Resources */,
				22B063F823324DCE0082D1BB /* Main.storyboard in Resources */,
			);
			runOnlyForDeploymentPostprocessing = 0;
		};
/* End PBXResourcesBuildPhase section */

/* Begin PBXSourcesBuildPhase section */
		22B063EB23324DCE0082D1BB /* Sources */ = {
			isa = PBXSourcesBuildPhase;
			buildActionMask = 2147483647;
			files = (
				22B063F523324DCE0082D1BB /* SettingsViewController.swift in Sources */,
				22B0642A2334FB0B0082D1BB /* SplitViewController.swift in Sources */,
				22B06418233374740082D1BB /* SliderCell.swift in Sources */,
				22B06415233363C40082D1BB /* DNDViewController.swift in Sources */,
				22B0640B233254640082D1BB /* ViewLabelSelectionLabel.swift in Sources */,
				22B064262334988A0082D1BB /* SettingsModel.xcdatamodeld in Sources */,
				22B064202333AF5B0082D1BB /* Settings.swift in Sources */,
				22B0641D233393500082D1BB /* DropDownOptionsViewController.swift in Sources */,
				22B063F323324DCE0082D1BB /* AppDelegate.swift in Sources */,
				22B06407233252350082D1BB /* ViewLabelSwitchCell.swift in Sources */,
				22B064282334D1550082D1BB /* SimpleTextViewController.swift in Sources */,
				22B0641B23337A450082D1BB /* DisplayBrightnessViewController.swift in Sources */,
				22B0641223334B6F0082D1BB /* CellularSettingViewController.swift in Sources */,
				22B06423233497F00082D1BB /* CoreDataManager.swift in Sources */,
			);
			runOnlyForDeploymentPostprocessing = 0;
		};
/* End PBXSourcesBuildPhase section */

/* Begin PBXVariantGroup section */
		22B063F623324DCE0082D1BB /* Main.storyboard */ = {
			isa = PBXVariantGroup;
			children = (
				22B063F723324DCE0082D1BB /* Base */,
			);
			name = Main.storyboard;
			sourceTree = "<group>";
		};
		22B063FB23324DCF0082D1BB /* LaunchScreen.storyboard */ = {
			isa = PBXVariantGroup;
			children = (
				22B063FC23324DCF0082D1BB /* Base */,
			);
			name = LaunchScreen.storyboard;
			sourceTree = "<group>";
		};
/* End PBXVariantGroup section */

/* Begin XCBuildConfiguration section */
		22B063FF23324DCF0082D1BB /* Debug */ = {
			isa = XCBuildConfiguration;
			buildSettings = {
				ALWAYS_SEARCH_USER_PATHS = NO;
				CLANG_ANALYZER_NONNULL = YES;
				CLANG_ANALYZER_NUMBER_OBJECT_CONVERSION = YES_AGGRESSIVE;
				CLANG_CXX_LANGUAGE_STANDARD = "gnu++14";
				CLANG_CXX_LIBRARY = "libc++";
				CLANG_ENABLE_MODULES = YES;
				CLANG_ENABLE_OBJC_ARC = YES;
				CLANG_ENABLE_OBJC_WEAK = YES;
				CLANG_WARN_BLOCK_CAPTURE_AUTORELEASING = YES;
				CLANG_WARN_BOOL_CONVERSION = YES;
				CLANG_WARN_COMMA = YES;
				CLANG_WARN_CONSTANT_CONVERSION = YES;
				CLANG_WARN_DEPRECATED_OBJC_IMPLEMENTATIONS = YES;
				CLANG_WARN_DIRECT_OBJC_ISA_USAGE = YES_ERROR;
				CLANG_WARN_DOCUMENTATION_COMMENTS = YES;
				CLANG_WARN_EMPTY_BODY = YES;
				CLANG_WARN_ENUM_CONVERSION = YES;
				CLANG_WARN_INFINITE_RECURSION = YES;
				CLANG_WARN_INT_CONVERSION = YES;
				CLANG_WARN_NON_LITERAL_NULL_CONVERSION = YES;
				CLANG_WARN_OBJC_IMPLICIT_RETAIN_SELF = YES;
				CLANG_WARN_OBJC_LITERAL_CONVERSION = YES;
				CLANG_WARN_OBJC_ROOT_CLASS = YES_ERROR;
				CLANG_WARN_RANGE_LOOP_ANALYSIS = YES;
				CLANG_WARN_STRICT_PROTOTYPES = YES;
				CLANG_WARN_SUSPICIOUS_MOVE = YES;
				CLANG_WARN_UNGUARDED_AVAILABILITY = YES_AGGRESSIVE;
				CLANG_WARN_UNREACHABLE_CODE = YES;
				CLANG_WARN__DUPLICATE_METHOD_MATCH = YES;
				CODE_SIGN_IDENTITY = "iPhone Developer";
				COPY_PHASE_STRIP = NO;
				DEBUG_INFORMATION_FORMAT = dwarf;
				ENABLE_STRICT_OBJC_MSGSEND = YES;
				ENABLE_TESTABILITY = YES;
				GCC_C_LANGUAGE_STANDARD = gnu11;
				GCC_DYNAMIC_NO_PIC = NO;
				GCC_NO_COMMON_BLOCKS = YES;
				GCC_OPTIMIZATION_LEVEL = 0;
				GCC_PREPROCESSOR_DEFINITIONS = (
					"DEBUG=1",
					"$(inherited)",
				);
				GCC_WARN_64_TO_32_BIT_CONVERSION = YES;
				GCC_WARN_ABOUT_RETURN_TYPE = YES_ERROR;
				GCC_WARN_UNDECLARED_SELECTOR = YES;
				GCC_WARN_UNINITIALIZED_AUTOS = YES_AGGRESSIVE;
				GCC_WARN_UNUSED_FUNCTION = YES;
				GCC_WARN_UNUSED_VARIABLE = YES;
				IPHONEOS_DEPLOYMENT_TARGET = 12.4;
				MTL_ENABLE_DEBUG_INFO = INCLUDE_SOURCE;
				MTL_FAST_MATH = YES;
				ONLY_ACTIVE_ARCH = YES;
				SDKROOT = iphoneos;
				SWIFT_ACTIVE_COMPILATION_CONDITIONS = DEBUG;
				SWIFT_OPTIMIZATION_LEVEL = "-Onone";
			};
			name = Debug;
		};
		22B0640023324DCF0082D1BB /* Release */ = {
			isa = XCBuildConfiguration;
			buildSettings = {
				ALWAYS_SEARCH_USER_PATHS = NO;
				CLANG_ANALYZER_NONNULL = YES;
				CLANG_ANALYZER_NUMBER_OBJECT_CONVERSION = YES_AGGRESSIVE;
				CLANG_CXX_LANGUAGE_STANDARD = "gnu++14";
				CLANG_CXX_LIBRARY = "libc++";
				CLANG_ENABLE_MODULES = YES;
				CLANG_ENABLE_OBJC_ARC = YES;
				CLANG_ENABLE_OBJC_WEAK = YES;
				CLANG_WARN_BLOCK_CAPTURE_AUTORELEASING = YES;
				CLANG_WARN_BOOL_CONVERSION = YES;
				CLANG_WARN_COMMA = YES;
				CLANG_WARN_CONSTANT_CONVERSION = YES;
				CLANG_WARN_DEPRECATED_OBJC_IMPLEMENTATIONS = YES;
				CLANG_WARN_DIRECT_OBJC_ISA_USAGE = YES_ERROR;
				CLANG_WARN_DOCUMENTATION_COMMENTS = YES;
				CLANG_WARN_EMPTY_BODY = YES;
				CLANG_WARN_ENUM_CONVERSION = YES;
				CLANG_WARN_INFINITE_RECURSION = YES;
				CLANG_WARN_INT_CONVERSION = YES;
				CLANG_WARN_NON_LITERAL_NULL_CONVERSION = YES;
				CLANG_WARN_OBJC_IMPLICIT_RETAIN_SELF = YES;
				CLANG_WARN_OBJC_LITERAL_CONVERSION = YES;
				CLANG_WARN_OBJC_ROOT_CLASS = YES_ERROR;
				CLANG_WARN_RANGE_LOOP_ANALYSIS = YES;
				CLANG_WARN_STRICT_PROTOTYPES = YES;
				CLANG_WARN_SUSPICIOUS_MOVE = YES;
				CLANG_WARN_UNGUARDED_AVAILABILITY = YES_AGGRESSIVE;
				CLANG_WARN_UNREACHABLE_CODE = YES;
				CLANG_WARN__DUPLICATE_METHOD_MATCH = YES;
				CODE_SIGN_IDENTITY = "iPhone Developer";
				COPY_PHASE_STRIP = NO;
				DEBUG_INFORMATION_FORMAT = "dwarf-with-dsym";
				ENABLE_NS_ASSERTIONS = NO;
				ENABLE_STRICT_OBJC_MSGSEND = YES;
				GCC_C_LANGUAGE_STANDARD = gnu11;
				GCC_NO_COMMON_BLOCKS = YES;
				GCC_WARN_64_TO_32_BIT_CONVERSION = YES;
				GCC_WARN_ABOUT_RETURN_TYPE = YES_ERROR;
				GCC_WARN_UNDECLARED_SELECTOR = YES;
				GCC_WARN_UNINITIALIZED_AUTOS = YES_AGGRESSIVE;
				GCC_WARN_UNUSED_FUNCTION = YES;
				GCC_WARN_UNUSED_VARIABLE = YES;
				IPHONEOS_DEPLOYMENT_TARGET = 12.4;
				MTL_ENABLE_DEBUG_INFO = NO;
				MTL_FAST_MATH = YES;
				SDKROOT = iphoneos;
				SWIFT_COMPILATION_MODE = wholemodule;
				SWIFT_OPTIMIZATION_LEVEL = "-O";
				VALIDATE_PRODUCT = YES;
			};
			name = Release;
		};
		22B0640223324DCF0082D1BB /* Debug */ = {
			isa = XCBuildConfiguration;
			buildSettings = {
				ASSETCATALOG_COMPILER_APPICON_NAME = AppIcon;
				CODE_SIGN_STYLE = Automatic;
				DEVELOPMENT_TEAM = NS75ZR574A;
				INFOPLIST_FILE = SettingsDemo/Info.plist;
				LD_RUNPATH_SEARCH_PATHS = (
					"$(inherited)",
					"@executable_path/Frameworks",
				);
				PRODUCT_BUNDLE_IDENTIFIER = com.vinsol.SettingsDemo;
				PRODUCT_NAME = "$(TARGET_NAME)";
				SWIFT_VERSION = 5.0;
				TARGETED_DEVICE_FAMILY = "1,2";
			};
			name = Debug;
		};
		22B0640323324DCF0082D1BB /* Release */ = {
			isa = XCBuildConfiguration;
			buildSettings = {
				ASSETCATALOG_COMPILER_APPICON_NAME = AppIcon;
				CODE_SIGN_STYLE = Automatic;
				DEVELOPMENT_TEAM = NS75ZR574A;
				INFOPLIST_FILE = SettingsDemo/Info.plist;
				LD_RUNPATH_SEARCH_PATHS = (
					"$(inherited)",
					"@executable_path/Frameworks",
				);
				PRODUCT_BUNDLE_IDENTIFIER = com.vinsol.SettingsDemo;
				PRODUCT_NAME = "$(TARGET_NAME)";
				SWIFT_VERSION = 5.0;
				TARGETED_DEVICE_FAMILY = "1,2";
			};
			name = Release;
		};
/* End XCBuildConfiguration section */

/* Begin XCConfigurationList section */
		22B063EA23324DCE0082D1BB /* Build configuration list for PBXProject "SettingsDemo" */ = {
			isa = XCConfigurationList;
			buildConfigurations = (
				22B063FF23324DCF0082D1BB /* Debug */,
				22B0640023324DCF0082D1BB /* Release */,
			);
			defaultConfigurationIsVisible = 0;
			defaultConfigurationName = Release;
		};
		22B0640123324DCF0082D1BB /* Build configuration list for PBXNativeTarget "SettingsDemo" */ = {
			isa = XCConfigurationList;
			buildConfigurations = (
				22B0640223324DCF0082D1BB /* Debug */,
				22B0640323324DCF0082D1BB /* Release */,
			);
			defaultConfigurationIsVisible = 0;
			defaultConfigurationName = Release;
		};
/* End XCConfigurationList section */

/* Begin XCVersionGroup section */
		22B064242334988A0082D1BB /* SettingsModel.xcdatamodeld */ = {
			isa = XCVersionGroup;
			children = (
				22B064252334988A0082D1BB /* SettingsModel.xcdatamodel */,
			);
			currentVersion = 22B064252334988A0082D1BB /* SettingsModel.xcdatamodel */;
			path = SettingsModel.xcdatamodeld;
			sourceTree = "<group>";
			versionGroupType = wrapper.xcdatamodel;
		};
/* End XCVersionGroup section */
	};
	rootObject = 22B063E723324DCE0082D1BB /* Project object */;
}
